
Microsoft Visual Studio Solution File, Format Version 12.00
# Visual Studio Version 17
VisualStudioVersion = 17.9.34714.143
MinimumVisualStudioVersion = 10.0.40219.1
Project("{9A19103F-16F7-4668-BE54-9A1E7A4F7556}") = "TarjetasCredito", "TarjetasCredito\TarjetasCredito.csproj", "{988FBCD7-2183-48EA-A917-EAA37D5008B5}"
EndProject
Project("{FAE04EC0-301F-11D3-BF4B-00C04F79EFBC}") = "CreditCardsWebApp", "CreditCardsWebApp\CreditCardsWebApp.csproj", "{574B0E7C-9B67-4A4B-B4D0-8AB15EDD0E6C}"
EndProject
Global
	GlobalSection(SolutionConfigurationPlatforms) = preSolution
		Debug|Any CPU = Debug|Any CPU
		Release|Any CPU = Release|Any CPU
	EndGlobalSection
	GlobalSection(ProjectConfigurationPlatforms) = postSolution
		{988FBCD7-2183-48EA-A917-EAA37D5008B5}.Debug|Any CPU.ActiveCfg = Debug|Any CPU
		{988FBCD7-2183-48EA-A917-EAA37D5008B5}.Debug|Any CPU.Build.0 = Debug|Any CPU
		{988FBCD7-2183-48EA-A917-EAA37D5008B5}.Release|Any CPU.ActiveCfg = Release|Any CPU
		{988FBCD7-2183-48EA-A917-EAA37D5008B5}.Release|Any CPU.Build.0 = Release|Any CPU
		{574B0E7C-9B67-4A4B-B4D0-8AB15EDD0E6C}.Debug|Any CPU.ActiveCfg = Debug|Any CPU
		{574B0E7C-9B67-4A4B-B4D0-8AB15EDD0E6C}.Debug|Any CPU.Build.0 = Debug|Any CPU
		{574B0E7C-9B67-4A4B-B4D0-8AB15EDD0E6C}.Release|Any CPU.ActiveCfg = Release|Any CPU
		{574B0E7C-9B67-4A4B-B4D0-8AB15EDD0E6C}.Release|Any CPU.Build.0 = Release|Any CPU
	EndGlobalSection
	GlobalSection(SolutionProperties) = preSolution
		HideSolutionNode = FALSE
	EndGlobalSection
	GlobalSection(ExtensibilityGlobals) = postSolution
		SolutionGuid = {9363D159-D6B3-42F9-A15F-A8AED83BC1D5}
	EndGlobalSection
EndGlobal
